
Microsoft Visual Studio Solution File, Format Version 12.00
# Visual Studio 2013
VisualStudioVersion = 12.0.31101.0
MinimumVisualStudioVersion = 10.0.40219.1
Project("{FAE04EC0-301F-11D3-BF4B-00C04F79EFBC}") = "BCSHotels", "BCSHotels\BCSHotels.csproj", "{B493C296-2D1F-4E49-9566-2824366B46E0}"
EndProject
Project("{FAE04EC0-301F-11D3-BF4B-00C04F79EFBC}") = "BCSHotelsDomain", "BCSHotelsDomain\BCSHotelsDomain.csproj", "{2673CDFF-8F19-4979-9CC8-4F203A0D6390}"
EndProject
Global
	GlobalSection(SolutionConfigurationPlatforms) = preSolution
		Debug|Any CPU = Debug|Any CPU
		Release|Any CPU = Release|Any CPU
	EndGlobalSection
	GlobalSection(ProjectConfigurationPlatforms) = postSolution
		{B493C296-2D1F-4E49-9566-2824366B46E0}.Debug|Any CPU.ActiveCfg = Debug|Any CPU
		{B493C296-2D1F-4E49-9566-2824366B46E0}.Debug|Any CPU.Build.0 = Debug|Any CPU
		{B493C296-2D1F-4E49-9566-2824366B46E0}.Release|Any CPU.ActiveCfg = Release|Any CPU
		{B493C296-2D1F-4E49-9566-2824366B46E0}.Release|Any CPU.Build.0 = Release|Any CPU
		{2673CDFF-8F19-4979-9CC8-4F203A0D6390}.Debug|Any CPU.ActiveCfg = Debug|Any CPU
		{2673CDFF-8F19-4979-9CC8-4F203A0D6390}.Debug|Any CPU.Build.0 = Debug|Any CPU
		{2673CDFF-8F19-4979-9CC8-4F203A0D6390}.Release|Any CPU.ActiveCfg = Release|Any CPU
		{2673CDFF-8F19-4979-9CC8-4F203A0D6390}.Release|Any CPU.Build.0 = Release|Any CPU
	EndGlobalSection
	GlobalSection(SolutionProperties) = preSolution
		HideSolutionNode = FALSE
	EndGlobalSection
EndGlobal
